
Microsoft Visual Studio Solution File, Format Version 12.00
# Visual Studio Version 17
VisualStudioVersion = 17.7.33808.371
MinimumVisualStudioVersion = 10.0.40219.1
Project("{FAE04EC0-301F-11D3-BF4B-00C04F79EFBC}") = "LinkMeEcJQ", "LinkMeEcJQ\LinkMeEcJQ.csproj", "{0BD9C884-E23E-4BC6-9BAE-3EF16D8284B1}"
EndProject
Global
	GlobalSection(SolutionConfigurationPlatforms) = preSolution
		Debug|Any CPU = Debug|Any CPU
		Release|Any CPU = Release|Any CPU
	EndGlobalSection
	GlobalSection(ProjectConfigurationPlatforms) = postSolution
		{0BD9C884-E23E-4BC6-9BAE-3EF16D8284B1}.Debug|Any CPU.ActiveCfg = Debug|Any CPU
		{0BD9C884-E23E-4BC6-9BAE-3EF16D8284B1}.Debug|Any CPU.Build.0 = Debug|Any CPU
		{0BD9C884-E23E-4BC6-9BAE-3EF16D8284B1}.Release|Any CPU.ActiveCfg = Release|Any CPU
		{0BD9C884-E23E-4BC6-9BAE-3EF16D8284B1}.Release|Any CPU.Build.0 = Release|Any CPU
	EndGlobalSection
	GlobalSection(SolutionProperties) = preSolution
		HideSolutionNode = FALSE
	EndGlobalSection
	GlobalSection(ExtensibilityGlobals) = postSolution
		SolutionGuid = {FA69FDCF-D4F6-4300-AEC9-324D098B4E23}
	EndGlobalSection
EndGlobal
